PODS:
  - Alamofire (5.4.3)
  - InputBarAccessoryView (4.3.2):
    - InputBarAccessoryView/Core (= 4.3.2)
  - InputBarAccessoryView/Core (4.3.2)
  - MessageKit (3.1.0):
    - InputBarAccessoryView (~> 4.3.0)
  - SwiftLint (0.39.2)

DEPENDENCIES:
  - Alamofire
  - MessageKit
  - SwiftLint

SPEC REPOS:
  trunk:
    - Alamofire
    - InputBarAccessoryView
    - MessageKit
    - SwiftLint

SPEC CHECKSUMS:
  Alamofire: e447a2774a40c996748296fa2c55112fdbbc42f9
  InputBarAccessoryView: 7985d418040a05fe894bd4b8328dd43ab35517c3
  MessageKit: 3beb578737a5aa2bba25cc27c7b6d6faa09af5a7
  SwiftLint: 22ccbbe3b8008684be5955693bab135e0ed6a447

PODFILE CHECKSUM: 9bd38cf8aa4d8c66fa6fb2f50e59bcee56dd676c

COCOAPODS: 1.11.2
